<?xml version="1.0" encoding="utf-8"?>
<Project ToolsVersion="4.0" xmlns="http://schemas.microsoft.com/developer/msbuild/2003">
  <ItemGroup>
    <Filter Include="Source Files">
      <UniqueIdentifier>{4FC737F1-C7A5-4376-A066-2A32D752A2FF}</UniqueIdentifier>
      <Extensions>cpp;c;cc;cxx;def;odl;idl;hpj;bat;asm;asmx</Extensions>
    </Filter>
    <Filter Include="Header Files">
      <UniqueIdentifier>{93995380-89BD-4b04-88EB-625FBE52EBFB}</UniqueIdentifier>
      <Extensions>h;hpp;hxx;hm;inl;inc;xsd</Extensions>
    </Filter>
    <Filter Include="Resource Files">
      <UniqueIdentifier>{67DA6AB6-F800-4c08-8B7A-83BB121AAD01}</UniqueIdentifier>
      <Extensions>rc;ico;cur;bmp;dlg;rc2;rct;bin;rgs;gif;jpg;jpeg;jpe;resx;tiff;tif;png;wav;mfcribbon-ms</Extensions>
    </Filter>
    <Filter Include="Source Files\Main game">
      <UniqueIdentifier>{a849b6e9-8329-47e0-ad91-d55f46e1b631}</UniqueIdentifier>
    </Filter>
    <Filter Include="Source Files\Managers">
      <UniqueIdentifier>{33c7ee16-3b8a-4573-9bd0-ab0e5fdd8d6b}</UniqueIdentifier>
    </Filter>
    <Filter Include="Header Files\Managers">
      <UniqueIdentifier>{ed693f91-6a7c-4b92-999b-4dc6a6610aef}</UniqueIdentifier>
    </Filter>
    <Filter Include="Source Files\Animation">
      <UniqueIdentifier>{32ad2d43-223b-4313-9756-733b204e4ec4}</UniqueIdentifier>
    </Filter>
    <Filter Include="Header Files\Animation">
      <UniqueIdentifier>{be48194a-c956-4dd2-a2a3-cd7fcd8bde6b}</UniqueIdentifier>
    </Filter>
    <Filter Include="Source Files\Player">
      <UniqueIdentifier>{edef90da-bbc7-41ba-9f76-f2cf0284ffc2}</UniqueIdentifier>
    </Filter>
    <Filter Include="Header Files\Player">
      <UniqueIdentifier>{37b85ba0-b85e-4033-bcde-d134e6226f99}</UniqueIdentifier>
    </Filter>
    <Filter Include="Source Files\Map">
      <UniqueIdentifier>{653ad5fb-8662-4e29-9233-32885a4f75ee}</UniqueIdentifier>
    </Filter>
    <Filter Include="Source Files\Screens">
      <UniqueIdentifier>{74c3dc93-6d11-401d-b75a-e946967008db}</UniqueIdentifier>
    </Filter>
    <Filter Include="Header Files\Screens">
      <UniqueIdentifier>{c8c8f260-246b-4335-875b-d80d38526092}</UniqueIdentifier>
    </Filter>
    <Filter Include="Header Files\Map">
      <UniqueIdentifier>{d03ebdab-7d36-4123-aa38-a14e83a74d9d}</UniqueIdentifier>
    </Filter>
  </ItemGroup>
  <ItemGroup>
    <ClCompile Include="Main.cpp">
      <Filter>Source Files\Main game</Filter>
    </ClCompile>
    <ClCompile Include="ScreenManager.cpp">
      <Filter>Source Files\Managers</Filter>
    </ClCompile>
    <ClCompile Include="GameScreen.cpp">
      <Filter>Source Files\Screens</Filter>
    </ClCompile>
    <ClCompile Include="SplashScreen.cpp">
      <Filter>Source Files\Screens</Filter>
    </ClCompile>
    <ClCompile Include="InputManager.cpp">
      <Filter>Source Files\Managers</Filter>
    </ClCompile>
    <ClCompile Include="TitleScreen.cpp">
      <Filter>Source Files\Screens</Filter>
    </ClCompile>
    <ClCompile Include="Animation.cpp">
      <Filter>Source Files\Animation</Filter>
    </ClCompile>
    <ClCompile Include="FadeAnimation.cpp">
      <Filter>Source Files\Animation</Filter>
    </ClCompile>
    <ClCompile Include="FileManager.cpp">
      <Filter>Source Files\Managers</Filter>
    </ClCompile>
    <ClCompile Include="MenuManager.cpp">
      <Filter>Source Files\Managers</Filter>
    </ClCompile>
    <ClCompile Include="Player.cpp">
      <Filter>Source Files\Player</Filter>
    </ClCompile>
    <ClCompile Include="GamePlayScreen.cpp">
      <Filter>Source Files\Screens</Filter>
    </ClCompile>
    <ClCompile Include="SpriteSheetAnimation.cpp">
      <Filter>Source Files\Animation</Filter>
    </ClCompile>
    <ClCompile Include="Map.cpp">
      <Filter>Source Files\Map</Filter>
    </ClCompile>
    <ClCompile Include="Layer.cpp">
      <Filter>Source Files\Map</Filter>
    </ClCompile>
    <ClCompile Include="Tile.cpp">
      <Filter>Source Files\Map</Filter>
    </ClCompile>
  </ItemGroup>
  <ItemGroup>
    <ClInclude Include="ScreenManager.h">
      <Filter>Header Files\Managers</Filter>
    </ClInclude>
    <ClInclude Include="GameScreen.h">
      <Filter>Header Files\Screens</Filter>
    </ClInclude>
    <ClInclude Include="SplashScreen.h">
      <Filter>Header Files\Screens</Filter>
    </ClInclude>
    <ClInclude Include="InputManager.h">
      <Filter>Header Files\Managers</Filter>
    </ClInclude>
    <ClInclude Include="TitleScreen.h">
      <Filter>Header Files\Screens</Filter>
    </ClInclude>
    <ClInclude Include="Animation.h">
      <Filter>Header Files\Animation</Filter>
    </ClInclude>
    <ClInclude Include="FileManager.h">
      <Filter>Header Files\Managers</Filter>
    </ClInclude>
    <ClInclude Include="FadeAnimation.h">
      <Filter>Header Files\Animation</Filter>
    </ClInclude>
    <ClInclude Include="MenuManager.h">
      <Filter>Header Files\Managers</Filter>
    </ClInclude>
    <ClInclude Include="Player.h">
      <Filter>Header Files\Player</Filter>
    </ClInclude>
    <ClInclude Include="GamePlayScreen.h">
      <Filter>Header Files\Screens</Filter>
    </ClInclude>
    <ClInclude Include="SpriteSheetAnimation.h">
      <Filter>Header Files\Animation</Filter>
    </ClInclude>
    <ClInclude Include="Map.h">
      <Filter>Header Files\Map</Filter>
    </ClInclude>
    <ClInclude Include="Layer.h">
      <Filter>Header Files\Map</Filter>
    </ClInclude>
    <ClInclude Include="Tile.h">
      <Filter>Header Files\Map</Filter>
    </ClInclude>
  </ItemGroup>
  <ItemGroup>
    <None Include="ClassDiagram1.cd" />
  </ItemGroup>
</Project>